
Microsoft Visual Studio Solution File, Format Version 12.00
# Visual Studio Version 17
VisualStudioVersion = 17.12.35728.132
MinimumVisualStudioVersion = 10.0.40219.1
Project("{FAE04EC0-301F-11D3-BF4B-00C04F79EFBC}") = "LivrosAPI", "LivrosAPI\LivrosAPI.csproj", "{900800F2-E4C5-4044-A51B-9E7E12CB884A}"
EndProject
Project("{FAE04EC0-301F-11D3-BF4B-00C04F79EFBC}") = "LivrosAPI.Tests", "LivrosAPI.Tests\LivrosAPI.Tests.csproj", "{FD1D6243-B8B1-4749-909D-2F837C638A71}"
	ProjectSection(ProjectDependencies) = postProject
		{900800F2-E4C5-4044-A51B-9E7E12CB884A} = {900800F2-E4C5-4044-A51B-9E7E12CB884A}
	EndProjectSection
EndProject
Global
	GlobalSection(SolutionConfigurationPlatforms) = preSolution
		Debug|Any CPU = Debug|Any CPU
		Release|Any CPU = Release|Any CPU
	EndGlobalSection
	GlobalSection(ProjectConfigurationPlatforms) = postSolution
		{900800F2-E4C5-4044-A51B-9E7E12CB884A}.Debug|Any CPU.ActiveCfg = Debug|Any CPU
		{900800F2-E4C5-4044-A51B-9E7E12CB884A}.Debug|Any CPU.Build.0 = Debug|Any CPU
		{900800F2-E4C5-4044-A51B-9E7E12CB884A}.Release|Any CPU.ActiveCfg = Release|Any CPU
		{900800F2-E4C5-4044-A51B-9E7E12CB884A}.Release|Any CPU.Build.0 = Release|Any CPU
		{FD1D6243-B8B1-4749-909D-2F837C638A71}.Debug|Any CPU.ActiveCfg = Debug|Any CPU
		{FD1D6243-B8B1-4749-909D-2F837C638A71}.Debug|Any CPU.Build.0 = Debug|Any CPU
		{FD1D6243-B8B1-4749-909D-2F837C638A71}.Release|Any CPU.ActiveCfg = Release|Any CPU
		{FD1D6243-B8B1-4749-909D-2F837C638A71}.Release|Any CPU.Build.0 = Release|Any CPU
	EndGlobalSection
	GlobalSection(SolutionProperties) = preSolution
		HideSolutionNode = FALSE
	EndGlobalSection
EndGlobal
